
Microsoft Visual Studio Solution File, Format Version 12.00
# Visual Studio Version 17
VisualStudioVersion = 17.8.34309.116
MinimumVisualStudioVersion = 10.0.40219.1
Project("{FAE04EC0-301F-11D3-BF4B-00C04F79EFBC}") = "BlazorSample", "BlazorSample\BlazorSample.csproj", "{5577A096-04CA-44D6-92E5-CB0A51F7923E}"
EndProject
Global
	GlobalSection(SolutionConfigurationPlatforms) = preSolution
		Debug|Any CPU = Debug|Any CPU
		Release|Any CPU = Release|Any CPU
	EndGlobalSection
	GlobalSection(ProjectConfigurationPlatforms) = postSolution
		{5577A096-04CA-44D6-92E5-CB0A51F7923E}.Debug|Any CPU.ActiveCfg = Debug|Any CPU
		{5577A096-04CA-44D6-92E5-CB0A51F7923E}.Debug|Any CPU.Build.0 = Debug|Any CPU
		{5577A096-04CA-44D6-92E5-CB0A51F7923E}.Release|Any CPU.ActiveCfg = Release|Any CPU
		{5577A096-04CA-44D6-92E5-CB0A51F7923E}.Release|Any CPU.Build.0 = Release|Any CPU
	EndGlobalSection
	GlobalSection(SolutionProperties) = preSolution
		HideSolutionNode = FALSE
	EndGlobalSection
	GlobalSection(ExtensibilityGlobals) = postSolution
		SolutionGuid = {9F31435F-102A-4084-983D-7E04BA68B22E}
	EndGlobalSection
EndGlobal
